Microsoft Visual Studio Solution File, Format Version 11.00
# Visual Studio 2008

Project("{4B4E9CDC-5E71-53F0-1FA1-B3FD9A10F5D0}") = "VRGame", "Assembly-CSharp-firstpass.csproj", "{B4A900A6-2335-CBCF-2906-A1BEFA530985}"
EndProject
Project("{4B4E9CDC-5E71-53F0-1FA1-B3FD9A10F5D0}") = "VRGame", "Assembly-CSharp.csproj", "{8BD8A425-6CF6-6F6F-17BD-E4CE3C151F08}"
EndProject
Project("{4B4E9CDC-5E71-53F0-1FA1-B3FD9A10F5D0}") = "VRGame", "Assembly-CSharp-Editor-firstpass.csproj", "{551702B2-6C72-E3EB-6697-E7C2DF79A4F5}"
EndProject
Project("{4B4E9CDC-5E71-53F0-1FA1-B3FD9A10F5D0}") = "VRGame", "Assembly-CSharp-Editor.csproj", "{6BFAFB8A-3918-7196-83B1-50FA44E9064E}"
EndProject
Global
	GlobalSection(SolutionConfigurationPlatforms) = preSolution
		Debug|Any CPU = Debug|Any CPU
		Release|Any CPU = Release|Any CPU
	EndGlobalSection
	GlobalSection(ProjectConfigurationPlatforms) = postSolution
		{B4A900A6-2335-CBCF-2906-A1BEFA530985}.Debug|Any CPU.ActiveCfg = Debug|Any CPU
		{B4A900A6-2335-CBCF-2906-A1BEFA530985}.Debug|Any CPU.Build.0 = Debug|Any CPU
		{B4A900A6-2335-CBCF-2906-A1BEFA530985}.Release|Any CPU.ActiveCfg = Release|Any CPU
		{B4A900A6-2335-CBCF-2906-A1BEFA530985}.Release|Any CPU.Build.0 = Release|Any CPU
		{8BD8A425-6CF6-6F6F-17BD-E4CE3C151F08}.Debug|Any CPU.ActiveCfg = Debug|Any CPU
		{8BD8A425-6CF6-6F6F-17BD-E4CE3C151F08}.Debug|Any CPU.Build.0 = Debug|Any CPU
		{8BD8A425-6CF6-6F6F-17BD-E4CE3C151F08}.Release|Any CPU.ActiveCfg = Release|Any CPU
		{8BD8A425-6CF6-6F6F-17BD-E4CE3C151F08}.Release|Any CPU.Build.0 = Release|Any CPU
		{551702B2-6C72-E3EB-6697-E7C2DF79A4F5}.Debug|Any CPU.ActiveCfg = Debug|Any CPU
		{551702B2-6C72-E3EB-6697-E7C2DF79A4F5}.Debug|Any CPU.Build.0 = Debug|Any CPU
		{551702B2-6C72-E3EB-6697-E7C2DF79A4F5}.Release|Any CPU.ActiveCfg = Release|Any CPU
		{551702B2-6C72-E3EB-6697-E7C2DF79A4F5}.Release|Any CPU.Build.0 = Release|Any CPU
		{6BFAFB8A-3918-7196-83B1-50FA44E9064E}.Debug|Any CPU.ActiveCfg = Debug|Any CPU
		{6BFAFB8A-3918-7196-83B1-50FA44E9064E}.Debug|Any CPU.Build.0 = Debug|Any CPU
		{6BFAFB8A-3918-7196-83B1-50FA44E9064E}.Release|Any CPU.ActiveCfg = Release|Any CPU
		{6BFAFB8A-3918-7196-83B1-50FA44E9064E}.Release|Any CPU.Build.0 = Release|Any CPU
	EndGlobalSection
	GlobalSection(SolutionProperties) = preSolution
		HideSolutionNode = FALSE
	EndGlobalSection
	GlobalSection(MonoDevelopProperties) = preSolution
		StartupItem = Assembly-CSharp.csproj
	EndGlobalSection
EndGlobal
